
Microsoft Visual Studio Solution File, Format Version 12.00
# Visual Studio Version 17
VisualStudioVersion = 17.11.35327.3
MinimumVisualStudioVersion = 10.0.40219.1
Project("{FAE04EC0-301F-11D3-BF4B-00C04F79EFBC}") = "RdlcReportViewer", "RdlcReportViewer\RdlcReportViewer.csproj", "{0E927BAD-F7D9-432C-8DF1-2DFA0A7EF9B2}"
EndProject
Global
	GlobalSection(SolutionConfigurationPlatforms) = preSolution
		Debug|Any CPU = Debug|Any CPU
		Release|Any CPU = Release|Any CPU
	EndGlobalSection
	GlobalSection(ProjectConfigurationPlatforms) = postSolution
		{0E927BAD-F7D9-432C-8DF1-2DFA0A7EF9B2}.Debug|Any CPU.ActiveCfg = Debug|Any CPU
		{0E927BAD-F7D9-432C-8DF1-2DFA0A7EF9B2}.Debug|Any CPU.Build.0 = Debug|Any CPU
		{0E927BAD-F7D9-432C-8DF1-2DFA0A7EF9B2}.Release|Any CPU.ActiveCfg = Release|Any CPU
		{0E927BAD-F7D9-432C-8DF1-2DFA0A7EF9B2}.Release|Any CPU.Build.0 = Release|Any CPU
	EndGlobalSection
	GlobalSection(SolutionProperties) = preSolution
		HideSolutionNode = FALSE
	EndGlobalSection
	GlobalSection(ExtensibilityGlobals) = postSolution
		SolutionGuid = {E96EAB79-2110-4C6F-B140-E796FCFAB262}
	EndGlobalSection
EndGlobal
